
Microsoft Visual Studio Solution File, Format Version 12.00
# Visual Studio Version 17
VisualStudioVersion = 17.8.34330.188
MinimumVisualStudioVersion = 10.0.40219.1
Project("{FAE04EC0-301F-11D3-BF4B-00C04F79EFBC}") = "BananaPlatforms", "BananaPlatforms\BananaPlatforms.csproj", "{EEFEC435-4A66-4ED8-8911-1AEF6C583508}"
EndProject
Global
	GlobalSection(SolutionConfigurationPlatforms) = preSolution
		Debug|Any CPU = Debug|Any CPU
		Release|Any CPU = Release|Any CPU
	EndGlobalSection
	GlobalSection(ProjectConfigurationPlatforms) = postSolution
		{EEFEC435-4A66-4ED8-8911-1AEF6C583508}.Debug|Any CPU.ActiveCfg = Debug|Any CPU
		{EEFEC435-4A66-4ED8-8911-1AEF6C583508}.Debug|Any CPU.Build.0 = Debug|Any CPU
		{EEFEC435-4A66-4ED8-8911-1AEF6C583508}.Release|Any CPU.ActiveCfg = Release|Any CPU
		{EEFEC435-4A66-4ED8-8911-1AEF6C583508}.Release|Any CPU.Build.0 = Release|Any CPU
	EndGlobalSection
	GlobalSection(SolutionProperties) = preSolution
		HideSolutionNode = FALSE
	EndGlobalSection
	GlobalSection(ExtensibilityGlobals) = postSolution
		SolutionGuid = {293BDACA-E4A9-4260-8217-79E75F1E0FD2}
	EndGlobalSection
EndGlobal
